{
  "name": "crystal_structure_viewer",
  "version": "1.0.0",
  "lockfileVersion": 3,
  "requires": true,
  "packages": {
    "": {
      "name": "crystal_structure_viewer",
      "version": "1.0.0",
      "license": "ISC",
      "dependencies": {
        "chemiscope": "^0.5.2"
      }
    },
    "node_modules/chemiscope": {
      "version": "0.5.2",
      "resolved": "https://registry.npmjs.org/chemiscope/-/chemiscope-0.5.2.tgz",
      "integrity": "sha512-gWCmxYPKh8MIz4qcTU99+uLDNWNQIBZrHp7y93W6gQ+xp2igd10lC7LeyQGtUdgnM9mEkY2MxxRi/poNZ1KRdw==",
      "engines": {
        "npm": ">=7"
      }
    }
  }
}
